
Microsoft Visual Studio Solution File, Format Version 12.00
# Visual Studio 2013
VisualStudioVersion = 12.0.21005.1
MinimumVisualStudioVersion = 10.0.40219.1
Project("{FAE04EC0-301F-11D3-BF4B-00C04F79EFBC}") = "SpaceRPG", "SpaceRPG\SpaceRPG.csproj", "{BAA4D499-E3FC-464D-A2EA-B44C03E5E099}"
EndProject
Global
	GlobalSection(SolutionConfigurationPlatforms) = preSolution
		Debug|x86 = Debug|x86
		Release|x86 = Release|x86
	EndGlobalSection
	GlobalSection(ProjectConfigurationPlatforms) = postSolution
		{BAA4D499-E3FC-464D-A2EA-B44C03E5E099}.Debug|x86.ActiveCfg = Debug|x86
		{BAA4D499-E3FC-464D-A2EA-B44C03E5E099}.Debug|x86.Build.0 = Debug|x86
		{BAA4D499-E3FC-464D-A2EA-B44C03E5E099}.Release|x86.ActiveCfg = Release|x86
		{BAA4D499-E3FC-464D-A2EA-B44C03E5E099}.Release|x86.Build.0 = Release|x86
	EndGlobalSection
	GlobalSection(SolutionProperties) = preSolution
		HideSolutionNode = FALSE
	EndGlobalSection
EndGlobal
