
Microsoft Visual Studio Solution File, Format Version 12.00
# Visual Studio 2013
VisualStudioVersion = 12.0.30501.0
MinimumVisualStudioVersion = 10.0.40219.1
Project("{FAE04EC0-301F-11D3-BF4B-00C04F79EFBC}") = "SpaceRPG", "SpaceRPG\SpaceRPG.csproj", "{BAA4D499-E3FC-464D-A2EA-B44C03E5E099}"
EndProject
Project("{FAE04EC0-301F-11D3-BF4B-00C04F79EFBC}") = "TilemapEditor", "TilemapEditor\TilemapEditor.csproj", "{DB780963-DBAA-4BFE-848D-C6BCD1FE1181}"
EndProject
Project("{96E2B04D-8817-42C6-938A-82C39BA4D311}") = "Content", "Content\Content.contentproj", "{2E2985AA-2144-42FF-B68F-CEE4D73C3334}"
EndProject
Project("{FAE04EC0-301F-11D3-BF4B-00C04F79EFBC}") = "ContentLibrary", "ContentLibrary\ContentLibrary.csproj", "{71471723-F0D8-4C6B-A87B-5FDA4A8FAF03}"
EndProject
Global
	GlobalSection(SolutionConfigurationPlatforms) = preSolution
		Android|Any CPU = Android|Any CPU
		Android|Mixed Platforms = Android|Mixed Platforms
		Android|x86 = Android|x86
		Android|Xbox 360 = Android|Xbox 360
		Debug|Any CPU = Debug|Any CPU
		Debug|Mixed Platforms = Debug|Mixed Platforms
		Debug|x86 = Debug|x86
		Debug|Xbox 360 = Debug|Xbox 360
		iOS|Any CPU = iOS|Any CPU
		iOS|Mixed Platforms = iOS|Mixed Platforms
		iOS|x86 = iOS|x86
		iOS|Xbox 360 = iOS|Xbox 360
		Linux|Any CPU = Linux|Any CPU
		Linux|Mixed Platforms = Linux|Mixed Platforms
		Linux|x86 = Linux|x86
		Linux|Xbox 360 = Linux|Xbox 360
		OSX|Any CPU = OSX|Any CPU
		OSX|Mixed Platforms = OSX|Mixed Platforms
		OSX|x86 = OSX|x86
		OSX|Xbox 360 = OSX|Xbox 360
		PSM|Any CPU = PSM|Any CPU
		PSM|Mixed Platforms = PSM|Mixed Platforms
		PSM|x86 = PSM|x86
		PSM|Xbox 360 = PSM|Xbox 360
		Release|Any CPU = Release|Any CPU
		Release|Mixed Platforms = Release|Mixed Platforms
		Release|x86 = Release|x86
		Release|Xbox 360 = Release|Xbox 360
		Windows|Any CPU = Windows|Any CPU
		Windows|Mixed Platforms = Windows|Mixed Platforms
		Windows|x86 = Windows|x86
		Windows|Xbox 360 = Windows|Xbox 360
		Windows8|Any CPU = Windows8|Any CPU
		Windows8|Mixed Platforms = Windows8|Mixed Platforms
		Windows8|x86 = Windows8|x86
		Windows8|Xbox 360 = Windows8|Xbox 360
	EndGlobalSection
	GlobalSection(ProjectConfigurationPlatforms) = postSolution
		{BAA4D499-E3FC-464D-A2EA-B44C03E5E099}.Android|Any CPU.ActiveCfg = Release|x86
		{BAA4D499-E3FC-464D-A2EA-B44C03E5E099}.Android|Mixed Platforms.ActiveCfg = Release|x86
		{BAA4D499-E3FC-464D-A2EA-B44C03E5E099}.Android|Mixed Platforms.Build.0 = Release|x86
		{BAA4D499-E3FC-464D-A2EA-B44C03E5E099}.Android|x86.ActiveCfg = Release|x86
		{BAA4D499-E3FC-464D-A2EA-B44C03E5E099}.Android|x86.Build.0 = Release|x86
		{BAA4D499-E3FC-464D-A2EA-B44C03E5E099}.Android|Xbox 360.ActiveCfg = Debug|x86
		{BAA4D499-E3FC-464D-A2EA-B44C03E5E099}.Debug|Any CPU.ActiveCfg = Debug|x86
		{BAA4D499-E3FC-464D-A2EA-B44C03E5E099}.Debug|Mixed Platforms.ActiveCfg = Debug|x86
		{BAA4D499-E3FC-464D-A2EA-B44C03E5E099}.Debug|Mixed Platforms.Build.0 = Debug|x86
		{BAA4D499-E3FC-464D-A2EA-B44C03E5E099}.Debug|x86.ActiveCfg = Debug|x86
		{BAA4D499-E3FC-464D-A2EA-B44C03E5E099}.Debug|x86.Build.0 = Debug|x86
		{BAA4D499-E3FC-464D-A2EA-B44C03E5E099}.Debug|Xbox 360.ActiveCfg = Debug|x86
		{BAA4D499-E3FC-464D-A2EA-B44C03E5E099}.iOS|Any CPU.ActiveCfg = Release|x86
		{BAA4D499-E3FC-464D-A2EA-B44C03E5E099}.iOS|Mixed Platforms.ActiveCfg = Release|x86
		{BAA4D499-E3FC-464D-A2EA-B44C03E5E099}.iOS|Mixed Platforms.Build.0 = Release|x86
		{BAA4D499-E3FC-464D-A2EA-B44C03E5E099}.iOS|x86.ActiveCfg = Release|x86
		{BAA4D499-E3FC-464D-A2EA-B44C03E5E099}.iOS|x86.Build.0 = Release|x86
		{BAA4D499-E3FC-464D-A2EA-B44C03E5E099}.iOS|Xbox 360.ActiveCfg = Debug|x86
		{BAA4D499-E3FC-464D-A2EA-B44C03E5E099}.Linux|Any CPU.ActiveCfg = Release|x86
		{BAA4D499-E3FC-464D-A2EA-B44C03E5E099}.Linux|Mixed Platforms.ActiveCfg = Release|x86
		{BAA4D499-E3FC-464D-A2EA-B44C03E5E099}.Linux|Mixed Platforms.Build.0 = Release|x86
		{BAA4D499-E3FC-464D-A2EA-B44C03E5E099}.Linux|x86.ActiveCfg = Release|x86
		{BAA4D499-E3FC-464D-A2EA-B44C03E5E099}.Linux|x86.Build.0 = Release|x86
		{BAA4D499-E3FC-464D-A2EA-B44C03E5E099}.Linux|Xbox 360.ActiveCfg = Debug|x86
		{BAA4D499-E3FC-464D-A2EA-B44C03E5E099}.OSX|Any CPU.ActiveCfg = Release|x86
		{BAA4D499-E3FC-464D-A2EA-B44C03E5E099}.OSX|Mixed Platforms.ActiveCfg = Release|x86
		{BAA4D499-E3FC-464D-A2EA-B44C03E5E099}.OSX|Mixed Platforms.Build.0 = Release|x86
		{BAA4D499-E3FC-464D-A2EA-B44C03E5E099}.OSX|x86.ActiveCfg = Release|x86
		{BAA4D499-E3FC-464D-A2EA-B44C03E5E099}.OSX|x86.Build.0 = Release|x86
		{BAA4D499-E3FC-464D-A2EA-B44C03E5E099}.OSX|Xbox 360.ActiveCfg = Debug|x86
		{BAA4D499-E3FC-464D-A2EA-B44C03E5E099}.PSM|Any CPU.ActiveCfg = Release|x86
		{BAA4D499-E3FC-464D-A2EA-B44C03E5E099}.PSM|Mixed Platforms.ActiveCfg = Release|x86
		{BAA4D499-E3FC-464D-A2EA-B44C03E5E099}.PSM|Mixed Platforms.Build.0 = Release|x86
		{BAA4D499-E3FC-464D-A2EA-B44C03E5E099}.PSM|x86.ActiveCfg = Release|x86
		{BAA4D499-E3FC-464D-A2EA-B44C03E5E099}.PSM|x86.Build.0 = Release|x86
		{BAA4D499-E3FC-464D-A2EA-B44C03E5E099}.PSM|Xbox 360.ActiveCfg = Debug|x86
		{BAA4D499-E3FC-464D-A2EA-B44C03E5E099}.Release|Any CPU.ActiveCfg = Release|x86
		{BAA4D499-E3FC-464D-A2EA-B44C03E5E099}.Release|Mixed Platforms.ActiveCfg = Release|x86
		{BAA4D499-E3FC-464D-A2EA-B44C03E5E099}.Release|Mixed Platforms.Build.0 = Release|x86
		{BAA4D499-E3FC-464D-A2EA-B44C03E5E099}.Release|x86.ActiveCfg = Release|x86
		{BAA4D499-E3FC-464D-A2EA-B44C03E5E099}.Release|x86.Build.0 = Release|x86
		{BAA4D499-E3FC-464D-A2EA-B44C03E5E099}.Release|Xbox 360.ActiveCfg = Release|x86
		{BAA4D499-E3FC-464D-A2EA-B44C03E5E099}.Windows|Any CPU.ActiveCfg = Release|x86
		{BAA4D499-E3FC-464D-A2EA-B44C03E5E099}.Windows|Mixed Platforms.ActiveCfg = Release|x86
		{BAA4D499-E3FC-464D-A2EA-B44C03E5E099}.Windows|Mixed Platforms.Build.0 = Release|x86
		{BAA4D499-E3FC-464D-A2EA-B44C03E5E099}.Windows|x86.ActiveCfg = Release|x86
		{BAA4D499-E3FC-464D-A2EA-B44C03E5E099}.Windows|x86.Build.0 = Release|x86
		{BAA4D499-E3FC-464D-A2EA-B44C03E5E099}.Windows|Xbox 360.ActiveCfg = Debug|x86
		{BAA4D499-E3FC-464D-A2EA-B44C03E5E099}.Windows8|Any CPU.ActiveCfg = Release|x86
		{BAA4D499-E3FC-464D-A2EA-B44C03E5E099}.Windows8|Mixed Platforms.ActiveCfg = Release|x86
		{BAA4D499-E3FC-464D-A2EA-B44C03E5E099}.Windows8|Mixed Platforms.Build.0 = Release|x86
		{BAA4D499-E3FC-464D-A2EA-B44C03E5E099}.Windows8|x86.ActiveCfg = Release|x86
		{BAA4D499-E3FC-464D-A2EA-B44C03E5E099}.Windows8|x86.Build.0 = Release|x86
		{BAA4D499-E3FC-464D-A2EA-B44C03E5E099}.Windows8|Xbox 360.ActiveCfg = Debug|x86
		{DB780963-DBAA-4BFE-848D-C6BCD1FE1181}.Android|Any CPU.ActiveCfg = Release|Any CPU
		{DB780963-DBAA-4BFE-848D-C6BCD1FE1181}.Android|Any CPU.Build.0 = Release|Any CPU
		{DB780963-DBAA-4BFE-848D-C6BCD1FE1181}.Android|Mixed Platforms.ActiveCfg = Release|Any CPU
		{DB780963-DBAA-4BFE-848D-C6BCD1FE1181}.Android|Mixed Platforms.Build.0 = Release|Any CPU
		{DB780963-DBAA-4BFE-848D-C6BCD1FE1181}.Android|x86.ActiveCfg = Release|Any CPU
		{DB780963-DBAA-4BFE-848D-C6BCD1FE1181}.Android|Xbox 360.ActiveCfg = Release|Any CPU
		{DB780963-DBAA-4BFE-848D-C6BCD1FE1181}.Debug|Any CPU.ActiveCfg = Debug|Any CPU
		{DB780963-DBAA-4BFE-848D-C6BCD1FE1181}.Debug|Any CPU.Build.0 = Debug|Any CPU
		{DB780963-DBAA-4BFE-848D-C6BCD1FE1181}.Debug|Mixed Platforms.ActiveCfg = Debug|Any CPU
		{DB780963-DBAA-4BFE-848D-C6BCD1FE1181}.Debug|Mixed Platforms.Build.0 = Debug|Any CPU
		{DB780963-DBAA-4BFE-848D-C6BCD1FE1181}.Debug|x86.ActiveCfg = Debug|Any CPU
		{DB780963-DBAA-4BFE-848D-C6BCD1FE1181}.Debug|Xbox 360.ActiveCfg = Debug|Any CPU
		{DB780963-DBAA-4BFE-848D-C6BCD1FE1181}.iOS|Any CPU.ActiveCfg = Release|Any CPU
		{DB780963-DBAA-4BFE-848D-C6BCD1FE1181}.iOS|Any CPU.Build.0 = Release|Any CPU
		{DB780963-DBAA-4BFE-848D-C6BCD1FE1181}.iOS|Mixed Platforms.ActiveCfg = Release|Any CPU
		{DB780963-DBAA-4BFE-848D-C6BCD1FE1181}.iOS|Mixed Platforms.Build.0 = Release|Any CPU
		{DB780963-DBAA-4BFE-848D-C6BCD1FE1181}.iOS|x86.ActiveCfg = Release|Any CPU
		{DB780963-DBAA-4BFE-848D-C6BCD1FE1181}.iOS|Xbox 360.ActiveCfg = Release|Any CPU
		{DB780963-DBAA-4BFE-848D-C6BCD1FE1181}.Linux|Any CPU.ActiveCfg = Release|Any CPU
		{DB780963-DBAA-4BFE-848D-C6BCD1FE1181}.Linux|Any CPU.Build.0 = Release|Any CPU
		{DB780963-DBAA-4BFE-848D-C6BCD1FE1181}.Linux|Mixed Platforms.ActiveCfg = Release|Any CPU
		{DB780963-DBAA-4BFE-848D-C6BCD1FE1181}.Linux|Mixed Platforms.Build.0 = Release|Any CPU
		{DB780963-DBAA-4BFE-848D-C6BCD1FE1181}.Linux|x86.ActiveCfg = Release|Any CPU
		{DB780963-DBAA-4BFE-848D-C6BCD1FE1181}.Linux|Xbox 360.ActiveCfg = Release|Any CPU
		{DB780963-DBAA-4BFE-848D-C6BCD1FE1181}.OSX|Any CPU.ActiveCfg = Release|Any CPU
		{DB780963-DBAA-4BFE-848D-C6BCD1FE1181}.OSX|Any CPU.Build.0 = Release|Any CPU
		{DB780963-DBAA-4BFE-848D-C6BCD1FE1181}.OSX|Mixed Platforms.ActiveCfg = Release|Any CPU
		{DB780963-DBAA-4BFE-848D-C6BCD1FE1181}.OSX|Mixed Platforms.Build.0 = Release|Any CPU
		{DB780963-DBAA-4BFE-848D-C6BCD1FE1181}.OSX|x86.ActiveCfg = Release|Any CPU
		{DB780963-DBAA-4BFE-848D-C6BCD1FE1181}.OSX|Xbox 360.ActiveCfg = Release|Any CPU
		{DB780963-DBAA-4BFE-848D-C6BCD1FE1181}.PSM|Any CPU.ActiveCfg = Release|Any CPU
		{DB780963-DBAA-4BFE-848D-C6BCD1FE1181}.PSM|Any CPU.Build.0 = Release|Any CPU
		{DB780963-DBAA-4BFE-848D-C6BCD1FE1181}.PSM|Mixed Platforms.ActiveCfg = Release|Any CPU
		{DB780963-DBAA-4BFE-848D-C6BCD1FE1181}.PSM|Mixed Platforms.Build.0 = Release|Any CPU
		{DB780963-DBAA-4BFE-848D-C6BCD1FE1181}.PSM|x86.ActiveCfg = Release|Any CPU
		{DB780963-DBAA-4BFE-848D-C6BCD1FE1181}.PSM|Xbox 360.ActiveCfg = Release|Any CPU
		{DB780963-DBAA-4BFE-848D-C6BCD1FE1181}.Release|Any CPU.ActiveCfg = Release|Any CPU
		{DB780963-DBAA-4BFE-848D-C6BCD1FE1181}.Release|Any CPU.Build.0 = Release|Any CPU
		{DB780963-DBAA-4BFE-848D-C6BCD1FE1181}.Release|Mixed Platforms.ActiveCfg = Release|Any CPU
		{DB780963-DBAA-4BFE-848D-C6BCD1FE1181}.Release|Mixed Platforms.Build.0 = Release|Any CPU
		{DB780963-DBAA-4BFE-848D-C6BCD1FE1181}.Release|x86.ActiveCfg = Release|Any CPU
		{DB780963-DBAA-4BFE-848D-C6BCD1FE1181}.Release|Xbox 360.ActiveCfg = Release|Any CPU
		{DB780963-DBAA-4BFE-848D-C6BCD1FE1181}.Windows|Any CPU.ActiveCfg = Release|Any CPU
		{DB780963-DBAA-4BFE-848D-C6BCD1FE1181}.Windows|Any CPU.Build.0 = Release|Any CPU
		{DB780963-DBAA-4BFE-848D-C6BCD1FE1181}.Windows|Mixed Platforms.ActiveCfg = Release|Any CPU
		{DB780963-DBAA-4BFE-848D-C6BCD1FE1181}.Windows|Mixed Platforms.Build.0 = Release|Any CPU
		{DB780963-DBAA-4BFE-848D-C6BCD1FE1181}.Windows|x86.ActiveCfg = Release|Any CPU
		{DB780963-DBAA-4BFE-848D-C6BCD1FE1181}.Windows|Xbox 360.ActiveCfg = Release|Any CPU
		{DB780963-DBAA-4BFE-848D-C6BCD1FE1181}.Windows8|Any CPU.ActiveCfg = Release|Any CPU
		{DB780963-DBAA-4BFE-848D-C6BCD1FE1181}.Windows8|Any CPU.Build.0 = Release|Any CPU
		{DB780963-DBAA-4BFE-848D-C6BCD1FE1181}.Windows8|Mixed Platforms.ActiveCfg = Release|Any CPU
		{DB780963-DBAA-4BFE-848D-C6BCD1FE1181}.Windows8|Mixed Platforms.Build.0 = Release|Any CPU
		{DB780963-DBAA-4BFE-848D-C6BCD1FE1181}.Windows8|x86.ActiveCfg = Release|Any CPU
		{DB780963-DBAA-4BFE-848D-C6BCD1FE1181}.Windows8|Xbox 360.ActiveCfg = Release|Any CPU
		{2E2985AA-2144-42FF-B68F-CEE4D73C3334}.Android|Any CPU.ActiveCfg = Debug|Any CPU
		{2E2985AA-2144-42FF-B68F-CEE4D73C3334}.Android|Mixed Platforms.ActiveCfg = Debug|Any CPU
		{2E2985AA-2144-42FF-B68F-CEE4D73C3334}.Android|x86.ActiveCfg = Debug|Any CPU
		{2E2985AA-2144-42FF-B68F-CEE4D73C3334}.Android|Xbox 360.ActiveCfg = Debug|Any CPU
		{2E2985AA-2144-42FF-B68F-CEE4D73C3334}.Debug|Any CPU.ActiveCfg = Debug|Any CPU
		{2E2985AA-2144-42FF-B68F-CEE4D73C3334}.Debug|Mixed Platforms.ActiveCfg = Debug|Any CPU
		{2E2985AA-2144-42FF-B68F-CEE4D73C3334}.Debug|x86.ActiveCfg = Debug|Any CPU
		{2E2985AA-2144-42FF-B68F-CEE4D73C3334}.Debug|Xbox 360.ActiveCfg = Debug|Any CPU
		{2E2985AA-2144-42FF-B68F-CEE4D73C3334}.iOS|Any CPU.ActiveCfg = Debug|Any CPU
		{2E2985AA-2144-42FF-B68F-CEE4D73C3334}.iOS|Mixed Platforms.ActiveCfg = Debug|Any CPU
		{2E2985AA-2144-42FF-B68F-CEE4D73C3334}.iOS|x86.ActiveCfg = Debug|Any CPU
		{2E2985AA-2144-42FF-B68F-CEE4D73C3334}.iOS|Xbox 360.ActiveCfg = Debug|Any CPU
		{2E2985AA-2144-42FF-B68F-CEE4D73C3334}.Linux|Any CPU.ActiveCfg = Debug|Any CPU
		{2E2985AA-2144-42FF-B68F-CEE4D73C3334}.Linux|Mixed Platforms.ActiveCfg = Debug|Any CPU
		{2E2985AA-2144-42FF-B68F-CEE4D73C3334}.Linux|x86.ActiveCfg = Debug|Any CPU
		{2E2985AA-2144-42FF-B68F-CEE4D73C3334}.Linux|Xbox 360.ActiveCfg = Debug|Any CPU
		{2E2985AA-2144-42FF-B68F-CEE4D73C3334}.OSX|Any CPU.ActiveCfg = Debug|Any CPU
		{2E2985AA-2144-42FF-B68F-CEE4D73C3334}.OSX|Mixed Platforms.ActiveCfg = Debug|Any CPU
		{2E2985AA-2144-42FF-B68F-CEE4D73C3334}.OSX|x86.ActiveCfg = Debug|Any CPU
		{2E2985AA-2144-42FF-B68F-CEE4D73C3334}.OSX|Xbox 360.ActiveCfg = Debug|Any CPU
		{2E2985AA-2144-42FF-B68F-CEE4D73C3334}.PSM|Any CPU.ActiveCfg = Debug|Any CPU
		{2E2985AA-2144-42FF-B68F-CEE4D73C3334}.PSM|Mixed Platforms.ActiveCfg = Debug|Any CPU
		{2E2985AA-2144-42FF-B68F-CEE4D73C3334}.PSM|x86.ActiveCfg = Debug|Any CPU
		{2E2985AA-2144-42FF-B68F-CEE4D73C3334}.PSM|Xbox 360.ActiveCfg = Debug|Any CPU
		{2E2985AA-2144-42FF-B68F-CEE4D73C3334}.Release|Any CPU.ActiveCfg = Debug|Any CPU
		{2E2985AA-2144-42FF-B68F-CEE4D73C3334}.Release|Mixed Platforms.ActiveCfg = Debug|Any CPU
		{2E2985AA-2144-42FF-B68F-CEE4D73C3334}.Release|x86.ActiveCfg = Debug|Any CPU
		{2E2985AA-2144-42FF-B68F-CEE4D73C3334}.Release|Xbox 360.ActiveCfg = Debug|Any CPU
		{2E2985AA-2144-42FF-B68F-CEE4D73C3334}.Windows|Any CPU.ActiveCfg = Debug|Any CPU
		{2E2985AA-2144-42FF-B68F-CEE4D73C3334}.Windows|Mixed Platforms.ActiveCfg = Debug|Any CPU
		{2E2985AA-2144-42FF-B68F-CEE4D73C3334}.Windows|x86.ActiveCfg = Debug|Any CPU
		{2E2985AA-2144-42FF-B68F-CEE4D73C3334}.Windows|Xbox 360.ActiveCfg = Debug|Any CPU
		{2E2985AA-2144-42FF-B68F-CEE4D73C3334}.Windows8|Any CPU.ActiveCfg = Debug|Any CPU
		{2E2985AA-2144-42FF-B68F-CEE4D73C3334}.Windows8|Mixed Platforms.ActiveCfg = Debug|Any CPU
		{2E2985AA-2144-42FF-B68F-CEE4D73C3334}.Windows8|x86.ActiveCfg = Debug|Any CPU
		{2E2985AA-2144-42FF-B68F-CEE4D73C3334}.Windows8|Xbox 360.ActiveCfg = Debug|Any CPU
		{71471723-F0D8-4C6B-A87B-5FDA4A8FAF03}.Android|Any CPU.ActiveCfg = Release|Xbox 360
		{71471723-F0D8-4C6B-A87B-5FDA4A8FAF03}.Android|Mixed Platforms.ActiveCfg = Release|Xbox 360
		{71471723-F0D8-4C6B-A87B-5FDA4A8FAF03}.Android|Mixed Platforms.Build.0 = Release|Xbox 360
		{71471723-F0D8-4C6B-A87B-5FDA4A8FAF03}.Android|x86.ActiveCfg = Release|Xbox 360
		{71471723-F0D8-4C6B-A87B-5FDA4A8FAF03}.Android|Xbox 360.ActiveCfg = Release|Xbox 360
		{71471723-F0D8-4C6B-A87B-5FDA4A8FAF03}.Android|Xbox 360.Build.0 = Release|Xbox 360
		{71471723-F0D8-4C6B-A87B-5FDA4A8FAF03}.Debug|Any CPU.ActiveCfg = Debug|Xbox 360
		{71471723-F0D8-4C6B-A87B-5FDA4A8FAF03}.Debug|Mixed Platforms.ActiveCfg = Debug|Xbox 360
		{71471723-F0D8-4C6B-A87B-5FDA4A8FAF03}.Debug|Mixed Platforms.Build.0 = Debug|Xbox 360
		{71471723-F0D8-4C6B-A87B-5FDA4A8FAF03}.Debug|x86.ActiveCfg = Debug|Xbox 360
		{71471723-F0D8-4C6B-A87B-5FDA4A8FAF03}.Debug|Xbox 360.ActiveCfg = Debug|Xbox 360
		{71471723-F0D8-4C6B-A87B-5FDA4A8FAF03}.Debug|Xbox 360.Build.0 = Debug|Xbox 360
		{71471723-F0D8-4C6B-A87B-5FDA4A8FAF03}.iOS|Any CPU.ActiveCfg = Release|Xbox 360
		{71471723-F0D8-4C6B-A87B-5FDA4A8FAF03}.iOS|Mixed Platforms.ActiveCfg = Release|Xbox 360
		{71471723-F0D8-4C6B-A87B-5FDA4A8FAF03}.iOS|Mixed Platforms.Build.0 = Release|Xbox 360
		{71471723-F0D8-4C6B-A87B-5FDA4A8FAF03}.iOS|x86.ActiveCfg = Release|Xbox 360
		{71471723-F0D8-4C6B-A87B-5FDA4A8FAF03}.iOS|Xbox 360.ActiveCfg = Release|Xbox 360
		{71471723-F0D8-4C6B-A87B-5FDA4A8FAF03}.iOS|Xbox 360.Build.0 = Release|Xbox 360
		{71471723-F0D8-4C6B-A87B-5FDA4A8FAF03}.Linux|Any CPU.ActiveCfg = Release|Xbox 360
		{71471723-F0D8-4C6B-A87B-5FDA4A8FAF03}.Linux|Mixed Platforms.ActiveCfg = Release|Xbox 360
		{71471723-F0D8-4C6B-A87B-5FDA4A8FAF03}.Linux|Mixed Platforms.Build.0 = Release|Xbox 360
		{71471723-F0D8-4C6B-A87B-5FDA4A8FAF03}.Linux|x86.ActiveCfg = Release|Xbox 360
		{71471723-F0D8-4C6B-A87B-5FDA4A8FAF03}.Linux|Xbox 360.ActiveCfg = Release|Xbox 360
		{71471723-F0D8-4C6B-A87B-5FDA4A8FAF03}.Linux|Xbox 360.Build.0 = Release|Xbox 360
		{71471723-F0D8-4C6B-A87B-5FDA4A8FAF03}.OSX|Any CPU.ActiveCfg = Release|Xbox 360
		{71471723-F0D8-4C6B-A87B-5FDA4A8FAF03}.OSX|Mixed Platforms.ActiveCfg = Release|Xbox 360
		{71471723-F0D8-4C6B-A87B-5FDA4A8FAF03}.OSX|Mixed Platforms.Build.0 = Release|Xbox 360
		{71471723-F0D8-4C6B-A87B-5FDA4A8FAF03}.OSX|x86.ActiveCfg = Release|Xbox 360
		{71471723-F0D8-4C6B-A87B-5FDA4A8FAF03}.OSX|Xbox 360.ActiveCfg = Release|Xbox 360
		{71471723-F0D8-4C6B-A87B-5FDA4A8FAF03}.OSX|Xbox 360.Build.0 = Release|Xbox 360
		{71471723-F0D8-4C6B-A87B-5FDA4A8FAF03}.PSM|Any CPU.ActiveCfg = Release|Xbox 360
		{71471723-F0D8-4C6B-A87B-5FDA4A8FAF03}.PSM|Mixed Platforms.ActiveCfg = Release|Xbox 360
		{71471723-F0D8-4C6B-A87B-5FDA4A8FAF03}.PSM|Mixed Platforms.Build.0 = Release|Xbox 360
		{71471723-F0D8-4C6B-A87B-5FDA4A8FAF03}.PSM|x86.ActiveCfg = Release|Xbox 360
		{71471723-F0D8-4C6B-A87B-5FDA4A8FAF03}.PSM|Xbox 360.ActiveCfg = Release|Xbox 360
		{71471723-F0D8-4C6B-A87B-5FDA4A8FAF03}.PSM|Xbox 360.Build.0 = Release|Xbox 360
		{71471723-F0D8-4C6B-A87B-5FDA4A8FAF03}.Release|Any CPU.ActiveCfg = Release|Xbox 360
		{71471723-F0D8-4C6B-A87B-5FDA4A8FAF03}.Release|Mixed Platforms.ActiveCfg = Release|Xbox 360
		{71471723-F0D8-4C6B-A87B-5FDA4A8FAF03}.Release|Mixed Platforms.Build.0 = Release|Xbox 360
		{71471723-F0D8-4C6B-A87B-5FDA4A8FAF03}.Release|x86.ActiveCfg = Release|Xbox 360
		{71471723-F0D8-4C6B-A87B-5FDA4A8FAF03}.Release|Xbox 360.ActiveCfg = Release|Xbox 360
		{71471723-F0D8-4C6B-A87B-5FDA4A8FAF03}.Release|Xbox 360.Build.0 = Release|Xbox 360
		{71471723-F0D8-4C6B-A87B-5FDA4A8FAF03}.Windows|Any CPU.ActiveCfg = Release|Xbox 360
		{71471723-F0D8-4C6B-A87B-5FDA4A8FAF03}.Windows|Mixed Platforms.ActiveCfg = Release|Xbox 360
		{71471723-F0D8-4C6B-A87B-5FDA4A8FAF03}.Windows|Mixed Platforms.Build.0 = Release|Xbox 360
		{71471723-F0D8-4C6B-A87B-5FDA4A8FAF03}.Windows|x86.ActiveCfg = Release|Xbox 360
		{71471723-F0D8-4C6B-A87B-5FDA4A8FAF03}.Windows|Xbox 360.ActiveCfg = Release|Xbox 360
		{71471723-F0D8-4C6B-A87B-5FDA4A8FAF03}.Windows|Xbox 360.Build.0 = Release|Xbox 360
		{71471723-F0D8-4C6B-A87B-5FDA4A8FAF03}.Windows8|Any CPU.ActiveCfg = Release|Xbox 360
		{71471723-F0D8-4C6B-A87B-5FDA4A8FAF03}.Windows8|Mixed Platforms.ActiveCfg = Release|Xbox 360
		{71471723-F0D8-4C6B-A87B-5FDA4A8FAF03}.Windows8|Mixed Platforms.Build.0 = Release|Xbox 360
		{71471723-F0D8-4C6B-A87B-5FDA4A8FAF03}.Windows8|x86.ActiveCfg = Release|Xbox 360
		{71471723-F0D8-4C6B-A87B-5FDA4A8FAF03}.Windows8|Xbox 360.ActiveCfg = Release|Xbox 360
		{71471723-F0D8-4C6B-A87B-5FDA4A8FAF03}.Windows8|Xbox 360.Build.0 = Release|Xbox 360
	EndGlobalSection
	GlobalSection(SolutionProperties) = preSolution
		HideSolutionNode = FALSE
	EndGlobalSection
EndGlobal
